
Microsoft Visual Studio Solution File, Format Version 12.00
Project("{FAE04EC0-301F-11D3-BF4B-00C04F79EFBC}") = "WakeItHappen.Service", "WakeItHappen.Service\WakeItHappen.Service.csproj", "{A8FEA03C-8A39-4BC9-80DF-5808AC33DE9C}"
EndProject
Project("{FAE04EC0-301F-11D3-BF4B-00C04F79EFBC}") = "WakeIthappn.WebApi", "WakeIthappn.WebApi\WakeIthappn.WebApi.csproj", "{DD49ECE6-CFC8-4AF8-8A4D-7BED92FA5248}"
EndProject
Global
	GlobalSection(SolutionConfigurationPlatforms) = preSolution
		Debug|Any CPU = Debug|Any CPU
		Release|Any CPU = Release|Any CPU
	EndGlobalSection
	GlobalSection(ProjectConfigurationPlatforms) = postSolution
		{A8FEA03C-8A39-4BC9-80DF-5808AC33DE9C}.Debug|Any CPU.ActiveCfg = Debug|Any CPU
		{A8FEA03C-8A39-4BC9-80DF-5808AC33DE9C}.Debug|Any CPU.Build.0 = Debug|Any CPU
		{A8FEA03C-8A39-4BC9-80DF-5808AC33DE9C}.Release|Any CPU.ActiveCfg = Release|Any CPU
		{A8FEA03C-8A39-4BC9-80DF-5808AC33DE9C}.Release|Any CPU.Build.0 = Release|Any CPU
		{DD49ECE6-CFC8-4AF8-8A4D-7BED92FA5248}.Debug|Any CPU.ActiveCfg = Debug|Any CPU
		{DD49ECE6-CFC8-4AF8-8A4D-7BED92FA5248}.Debug|Any CPU.Build.0 = Debug|Any CPU
		{DD49ECE6-CFC8-4AF8-8A4D-7BED92FA5248}.Release|Any CPU.ActiveCfg = Release|Any CPU
		{DD49ECE6-CFC8-4AF8-8A4D-7BED92FA5248}.Release|Any CPU.Build.0 = Release|Any CPU
	EndGlobalSection
EndGlobal
