// !$*UTF8*$!
{
	archiveVersion = 1;
	classes = {
	};
	objectVersion = 48;
	objects = {

/* Begin PBXBuildFile section */
		CFCA3845097FFA596E14167A /* Pods_wakeithappn.framework in Frameworks */ = {isa = PBXBuildFile; fileRef = C0E59625F81F5AEEC04A90D0 /* Pods_wakeithappn.framework */; };
		FF88BFB820C97691005E783D /* AppDelegate.swift in Sources */ = {isa = PBXBuildFile; fileRef = FF88BFB720C97691005E783D /* AppDelegate.swift */; };
		FF88BFBA20C97691005E783D /* ConfigurationViewController.swift in Sources */ = {isa = PBXBuildFile; fileRef = FF88BFB920C97691005E783D /* ConfigurationViewController.swift */; };
		FF88BFBD20C97691005E783D /* Main.storyboard in Resources */ = {isa = PBXBuildFile; fileRef = FF88BFBB20C97691005E783D /* Main.storyboard */; };
		FF88BFBF20C97691005E783D /* Assets.xcassets in Resources */ = {isa = PBXBuildFile; fileRef = FF88BFBE20C97691005E783D /* Assets.xcassets */; };
		FF88BFC220C97691005E783D /* LaunchScreen.storyboard in Resources */ = {isa = PBXBuildFile; fileRef = FF88BFC020C97691005E783D /* LaunchScreen.storyboard */; };
		FF88BFCA20C97D8E005E783D /* LiveAlarmViewController.swift in Sources */ = {isa = PBXBuildFile; fileRef = FF88BFC920C97D8E005E783D /* LiveAlarmViewController.swift */; };
		FF88BFCC20C987B5005E783D /* AlarmService.swift in Sources */ = {isa = PBXBuildFile; fileRef = FF88BFCB20C987B5005E783D /* AlarmService.swift */; };
		FF88BFD020C9B87E005E783D /* SearchLocationViewController.swift in Sources */ = {isa = PBXBuildFile; fileRef = FF88BFCF20C9B87E005E783D /* SearchLocationViewController.swift */; };
		FF88BFD220C9B911005E783D /* SearchAddressItem.swift in Sources */ = {isa = PBXBuildFile; fileRef = FF88BFD120C9B911005E783D /* SearchAddressItem.swift */; };
		FF88BFD420C9B96B005E783D /* ViewControllerExtension.swift in Sources */ = {isa = PBXBuildFile; fileRef = FF88BFD320C9B96B005E783D /* ViewControllerExtension.swift */; };
		FF88BFD620C9B9D7005E783D /* MapsPlacesService.swift in Sources */ = {isa = PBXBuildFile; fileRef = FF88BFD520C9B9D7005E783D /* MapsPlacesService.swift */; };
		FF88BFD820C9BAF3005E783D /* SearchViewCell.swift in Sources */ = {isa = PBXBuildFile; fileRef = FF88BFD720C9BAF3005E783D /* SearchViewCell.swift */; };
		FFDC2AC520CA70CE00D5E5E7 /* Location.swift in Sources */ = {isa = PBXBuildFile; fileRef = FFDC2AC420CA70CE00D5E5E7 /* Location.swift */; };
		FFDC2AC720CA808400D5E5E7 /* WebService.swift in Sources */ = {isa = PBXBuildFile; fileRef = FFDC2AC620CA808400D5E5E7 /* WebService.swift */; };
		FFDC2AC920CA812200D5E5E7 /* Alarm.swift in Sources */ = {isa = PBXBuildFile; fileRef = FFDC2AC820CA812200D5E5E7 /* Alarm.swift */; };
/* End PBXBuildFile section */

/* Begin PBXFileReference section */
		C0E59625F81F5AEEC04A90D0 /* Pods_wakeithappn.framework */ = {isa = PBXFileReference; explicitFileType = wrapper.framework; includeInIndex = 0; path = Pods_wakeithappn.framework; sourceTree = BUILT_PRODUCTS_DIR; };
		DEE8A2232C79E272A22A4B80 /* Pods-wakeithappn.debug.xcconfig */ = {isa = PBXFileReference; includeInIndex = 1; lastKnownFileType = text.xcconfig; name = "Pods-wakeithappn.debug.xcconfig"; path = "Pods/Target Support Files/Pods-wakeithappn/Pods-wakeithappn.debug.xcconfig"; sourceTree = "<group>"; };
		F66B0EFA6BBA897135883AB6 /* Pods-wakeithappn.release.xcconfig */ = {isa = PBXFileReference; includeInIndex = 1; lastKnownFileType = text.xcconfig; name = "Pods-wakeithappn.release.xcconfig"; path = "Pods/Target Support Files/Pods-wakeithappn/Pods-wakeithappn.release.xcconfig"; sourceTree = "<group>"; };
		FF88BFB420C97691005E783D /* wakeithappn.app */ = {isa = PBXFileReference; explicitFileType = wrapper.application; includeInIndex = 0; path = wakeithappn.app; sourceTree = BUILT_PRODUCTS_DIR; };
		FF88BFB720C97691005E783D /* AppDelegate.swift */ = {isa = PBXFileReference; lastKnownFileType = sourcecode.swift; path = AppDelegate.swift; sourceTree = "<group>"; };
		FF88BFB920C97691005E783D /* ConfigurationViewController.swift */ = {isa = PBXFileReference; lastKnownFileType = sourcecode.swift; path = ConfigurationViewController.swift; sourceTree = "<group>"; };
		FF88BFBC20C97691005E783D /* Base */ = {isa = PBXFileReference; lastKnownFileType = file.storyboard; name = Base; path = Base.lproj/Main.storyboard; sourceTree = "<group>"; };
		FF88BFBE20C97691005E783D /* Assets.xcassets */ = {isa = PBXFileReference; lastKnownFileType = folder.assetcatalog; path = Assets.xcassets; sourceTree = "<group>"; };
		FF88BFC120C97691005E783D /* Base */ = {isa = PBXFileReference; lastKnownFileType = file.storyboard; name = Base; path = Base.lproj/LaunchScreen.storyboard; sourceTree = "<group>"; };
		FF88BFC320C97691005E783D /* Info.plist */ = {isa = PBXFileReference; lastKnownFileType = text.plist.xml; path = Info.plist; sourceTree = "<group>"; };
		FF88BFC920C97D8E005E783D /* LiveAlarmViewController.swift */ = {isa = PBXFileReference; lastKnownFileType = sourcecode.swift; path = LiveAlarmViewController.swift; sourceTree = "<group>"; };
		FF88BFCB20C987B5005E783D /* AlarmService.swift */ = {isa = PBXFileReference; lastKnownFileType = sourcecode.swift; path = AlarmService.swift; sourceTree = "<group>"; };
		FF88BFCF20C9B87E005E783D /* SearchLocationViewController.swift */ = {isa = PBXFileReference; lastKnownFileType = sourcecode.swift; path = SearchLocationViewController.swift; sourceTree = "<group>"; };
		FF88BFD120C9B911005E783D /* SearchAddressItem.swift */ = {isa = PBXFileReference; lastKnownFileType = sourcecode.swift; path = SearchAddressItem.swift; sourceTree = "<group>"; };
		FF88BFD320C9B96B005E783D /* ViewControllerExtension.swift */ = {isa = PBXFileReference; lastKnownFileType = sourcecode.swift; path = ViewControllerExtension.swift; sourceTree = "<group>"; };
		FF88BFD520C9B9D7005E783D /* MapsPlacesService.swift */ = {isa = PBXFileReference; lastKnownFileType = sourcecode.swift; path = MapsPlacesService.swift; sourceTree = "<group>"; };
		FF88BFD720C9BAF3005E783D /* SearchViewCell.swift */ = {isa = PBXFileReference; lastKnownFileType = sourcecode.swift; path = SearchViewCell.swift; sourceTree = "<group>"; };
		FFDC2AC420CA70CE00D5E5E7 /* Location.swift */ = {isa = PBXFileReference; lastKnownFileType = sourcecode.swift; path = Location.swift; sourceTree = "<group>"; };
		FFDC2AC620CA808400D5E5E7 /* WebService.swift */ = {isa = PBXFileReference; lastKnownFileType = sourcecode.swift; path = WebService.swift; sourceTree = "<group>"; };
		FFDC2AC820CA812200D5E5E7 /* Alarm.swift */ = {isa = PBXFileReference; lastKnownFileType = sourcecode.swift; path = Alarm.swift; sourceTree = "<group>"; };
/* End PBXFileReference section */

/* Begin PBXFrameworksBuildPhase section */
		FF88BFB120C97691005E783D /* Frameworks */ = {
			isa = PBXFrameworksBuildPhase;
			buildActionMask = 2147483647;
			files = (
				CFCA3845097FFA596E14167A /* Pods_wakeithappn.framework in Frameworks */,
			);
			runOnlyForDeploymentPostprocessing = 0;
		};
/* End PBXFrameworksBuildPhase section */

/* Begin PBXGroup section */
		4FAAAA7146C2C1094201210B /* Pods */ = {
			isa = PBXGroup;
			children = (
				DEE8A2232C79E272A22A4B80 /* Pods-wakeithappn.debug.xcconfig */,
				F66B0EFA6BBA897135883AB6 /* Pods-wakeithappn.release.xcconfig */,
			);
			name = Pods;
			sourceTree = "<group>";
		};
		E146BDE69352A77396099DFB /* Frameworks */ = {
			isa = PBXGroup;
			children = (
				C0E59625F81F5AEEC04A90D0 /* Pods_wakeithappn.framework */,
			);
			name = Frameworks;
			sourceTree = "<group>";
		};
		FF88BFAB20C97691005E783D = {
			isa = PBXGroup;
			children = (
				FF88BFB620C97691005E783D /* wakeithappn */,
				FF88BFB520C97691005E783D /* Products */,
				4FAAAA7146C2C1094201210B /* Pods */,
				E146BDE69352A77396099DFB /* Frameworks */,
			);
			sourceTree = "<group>";
		};
		FF88BFB520C97691005E783D /* Products */ = {
			isa = PBXGroup;
			children = (
				FF88BFB420C97691005E783D /* wakeithappn.app */,
			);
			name = Products;
			sourceTree = "<group>";
		};
		FF88BFB620C97691005E783D /* wakeithappn */ = {
			isa = PBXGroup;
			children = (
				FF88BFB720C97691005E783D /* AppDelegate.swift */,
				FF88BFB920C97691005E783D /* ConfigurationViewController.swift */,
				FF88BFBB20C97691005E783D /* Main.storyboard */,
				FF88BFBE20C97691005E783D /* Assets.xcassets */,
				FF88BFC020C97691005E783D /* LaunchScreen.storyboard */,
				FF88BFC320C97691005E783D /* Info.plist */,
				FF88BFC920C97D8E005E783D /* LiveAlarmViewController.swift */,
				FF88BFCB20C987B5005E783D /* AlarmService.swift */,
				FF88BFCF20C9B87E005E783D /* SearchLocationViewController.swift */,
				FF88BFD120C9B911005E783D /* SearchAddressItem.swift */,
				FF88BFD320C9B96B005E783D /* ViewControllerExtension.swift */,
				FF88BFD520C9B9D7005E783D /* MapsPlacesService.swift */,
				FF88BFD720C9BAF3005E783D /* SearchViewCell.swift */,
				FFDC2AC420CA70CE00D5E5E7 /* Location.swift */,
				FFDC2AC620CA808400D5E5E7 /* WebService.swift */,
				FFDC2AC820CA812200D5E5E7 /* Alarm.swift */,
			);
			path = wakeithappn;
			sourceTree = "<group>";
		};
/* End PBXGroup section */

/* Begin PBXNativeTarget section */
		FF88BFB320C97691005E783D /* wakeithappn */ = {
			isa = PBXNativeTarget;
			buildConfigurationList = FF88BFC620C97691005E783D /* Build configuration list for PBXNativeTarget "wakeithappn" */;
			buildPhases = (
				DDD2E07ED8C06555AF53BAD0 /* [CP] Check Pods Manifest.lock */,
				FF88BFB020C97691005E783D /* Sources */,
				FF88BFB120C97691005E783D /* Frameworks */,
				FF88BFB220C97691005E783D /* Resources */,
				09075503832EE1B8B509F0AF /* [CP] Embed Pods Frameworks */,
				A1BD8C5F3E315F09DE386551 /* [CP] Copy Pods Resources */,
			);
			buildRules = (
			);
			dependencies = (
			);
			name = wakeithappn;
			productName = wakeithappn;
			productReference = FF88BFB420C97691005E783D /* wakeithappn.app */;
			productType = "com.apple.product-type.application";
		};
/* End PBXNativeTarget section */

/* Begin PBXProject section */
		FF88BFAC20C97691005E783D /* Project object */ = {
			isa = PBXProject;
			attributes = {
				LastSwiftUpdateCheck = 0920;
				LastUpgradeCheck = 0920;
				ORGANIZATIONNAME = "Salil Gokhale";
				TargetAttributes = {
					FF88BFB320C97691005E783D = {
						CreatedOnToolsVersion = 9.2;
						ProvisioningStyle = Automatic;
						SystemCapabilities = {
							com.apple.BackgroundModes = {
								enabled = 1;
							};
						};
					};
				};
			};
			buildConfigurationList = FF88BFAF20C97691005E783D /* Build configuration list for PBXProject "wakeithappn" */;
			compatibilityVersion = "Xcode 8.0";
			developmentRegion = en;
			hasScannedForEncodings = 0;
			knownRegions = (
				en,
				Base,
			);
			mainGroup = FF88BFAB20C97691005E783D;
			productRefGroup = FF88BFB520C97691005E783D /* Products */;
			projectDirPath = "";
			projectRoot = "";
			targets = (
				FF88BFB320C97691005E783D /* wakeithappn */,
			);
		};
/* End PBXProject section */

/* Begin PBXResourcesBuildPhase section */
		FF88BFB220C97691005E783D /* Resources */ = {
			isa = PBXResourcesBuildPhase;
			buildActionMask = 2147483647;
			files = (
				FF88BFC220C97691005E783D /* LaunchScreen.storyboard in Resources */,
				FF88BFBF20C97691005E783D /* Assets.xcassets in Resources */,
				FF88BFBD20C97691005E783D /* Main.storyboard in Resources */,
			);
			runOnlyForDeploymentPostprocessing = 0;
		};
/* End PBXResourcesBuildPhase section */

/* Begin PBXShellScriptBuildPhase section */
		09075503832EE1B8B509F0AF /* [CP] Embed Pods Frameworks */ = {
			isa = PBXShellScriptBuildPhase;
			buildActionMask = 2147483647;
			files = (
			);
			inputPaths = (
				"${SRCROOT}/Pods/Target Support Files/Pods-wakeithappn/Pods-wakeithappn-frameworks.sh",
				"${BUILT_PRODUCTS_DIR}/Alamofire/Alamofire.framework",
			);
			name = "[CP] Embed Pods Frameworks";
			outputPaths = (
				"${TARGET_BUILD_DIR}/${FRAMEWORKS_FOLDER_PATH}/Alamofire.framework",
			);
			runOnlyForDeploymentPostprocessing = 0;
			shellPath = /bin/sh;
			shellScript = "\"${SRCROOT}/Pods/Target Support Files/Pods-wakeithappn/Pods-wakeithappn-frameworks.sh\"\n";
			showEnvVarsInLog = 0;
		};
		A1BD8C5F3E315F09DE386551 /* [CP] Copy Pods Resources */ = {
			isa = PBXShellScriptBuildPhase;
			buildActionMask = 2147483647;
			files = (
			);
			inputPaths = (
				"${SRCROOT}/Pods/Target Support Files/Pods-wakeithappn/Pods-wakeithappn-resources.sh",
				"${PODS_ROOT}/GoogleMaps/Maps/Frameworks/GoogleMaps.framework/Versions/A/Resources/GoogleMaps.bundle",
				"${PODS_ROOT}/GooglePlacePicker/Frameworks/GooglePlacePicker.framework/Versions/A/Resources/GooglePlacePicker.bundle",
				"${PODS_ROOT}/GooglePlaces/Frameworks/GooglePlaces.framework/Versions/A/Resources/GooglePlaces.bundle",
			);
			name = "[CP] Copy Pods Resources";
			outputPaths = (
				"${TARGET_BUILD_DIR}/${UNLOCALIZED_RESOURCES_FOLDER_PATH}/GoogleMaps.bundle",
				"${TARGET_BUILD_DIR}/${UNLOCALIZED_RESOURCES_FOLDER_PATH}/GooglePlacePicker.bundle",
				"${TARGET_BUILD_DIR}/${UNLOCALIZED_RESOURCES_FOLDER_PATH}/GooglePlaces.bundle",
			);
			runOnlyForDeploymentPostprocessing = 0;
			shellPath = /bin/sh;
			shellScript = "\"${SRCROOT}/Pods/Target Support Files/Pods-wakeithappn/Pods-wakeithappn-resources.sh\"\n";
			showEnvVarsInLog = 0;
		};
		DDD2E07ED8C06555AF53BAD0 /* [CP] Check Pods Manifest.lock */ = {
			isa = PBXShellScriptBuildPhase;
			buildActionMask = 2147483647;
			files = (
			);
			inputPaths = (
				"${PODS_PODFILE_DIR_PATH}/Podfile.lock",
				"${PODS_ROOT}/Manifest.lock",
			);
			name = "[CP] Check Pods Manifest.lock";
			outputPaths = (
				"$(DERIVED_FILE_DIR)/Pods-wakeithappn-checkManifestLockResult.txt",
			);
			runOnlyForDeploymentPostprocessing = 0;
			shellPath = /bin/sh;
			shellScript = "diff \"${PODS_PODFILE_DIR_PATH}/Podfile.lock\" \"${PODS_ROOT}/Manifest.lock\" > /dev/null\nif [ $? != 0 ] ; then\n    # print error to STDERR\n    echo \"error: The sandbox is not in sync with the Podfile.lock. Run 'pod install' or update your CocoaPods installation.\" >&2\n    exit 1\nfi\n# This output is used by Xcode 'outputs' to avoid re-running this script phase.\necho \"SUCCESS\" > \"${SCRIPT_OUTPUT_FILE_0}\"\n";
			showEnvVarsInLog = 0;
		};
/* End PBXShellScriptBuildPhase section */

/* Begin PBXSourcesBuildPhase section */
		FF88BFB020C97691005E783D /* Sources */ = {
			isa = PBXSourcesBuildPhase;
			buildActionMask = 2147483647;
			files = (
				FF88BFD620C9B9D7005E783D /* MapsPlacesService.swift in Sources */,
				FFDC2AC520CA70CE00D5E5E7 /* Location.swift in Sources */,
				FF88BFBA20C97691005E783D /* ConfigurationViewController.swift in Sources */,
				FF88BFCA20C97D8E005E783D /* LiveAlarmViewController.swift in Sources */,
				FF88BFD020C9B87E005E783D /* SearchLocationViewController.swift in Sources */,
				FFDC2AC720CA808400D5E5E7 /* WebService.swift in Sources */,
				FF88BFD420C9B96B005E783D /* ViewControllerExtension.swift in Sources */,
				FFDC2AC920CA812200D5E5E7 /* Alarm.swift in Sources */,
				FF88BFD820C9BAF3005E783D /* SearchViewCell.swift in Sources */,
				FF88BFB820C97691005E783D /* AppDelegate.swift in Sources */,
				FF88BFD220C9B911005E783D /* SearchAddressItem.swift in Sources */,
				FF88BFCC20C987B5005E783D /* AlarmService.swift in Sources */,
			);
			runOnlyForDeploymentPostprocessing = 0;
		};
/* End PBXSourcesBuildPhase section */

/* Begin PBXVariantGroup section */
		FF88BFBB20C97691005E783D /* Main.storyboard */ = {
			isa = PBXVariantGroup;
			children = (
				FF88BFBC20C97691005E783D /* Base */,
			);
			name = Main.storyboard;
			sourceTree = "<group>";
		};
		FF88BFC020C97691005E783D /* LaunchScreen.storyboard */ = {
			isa = PBXVariantGroup;
			children = (
				FF88BFC120C97691005E783D /* Base */,
			);
			name = LaunchScreen.storyboard;
			sourceTree = "<group>";
		};
/* End PBXVariantGroup section */

/* Begin XCBuildConfiguration section */
		FF88BFC420C97691005E783D /* Debug */ = {
			isa = XCBuildConfiguration;
			buildSettings = {
				ALWAYS_SEARCH_USER_PATHS = NO;
				CLANG_ANALYZER_NONNULL = YES;
				CLANG_ANALYZER_NUMBER_OBJECT_CONVERSION = YES_AGGRESSIVE;
				CLANG_CXX_LANGUAGE_STANDARD = "gnu++14";
				CLANG_CXX_LIBRARY = "libc++";
				CLANG_ENABLE_MODULES = YES;
				CLANG_ENABLE_OBJC_ARC = YES;
				CLANG_WARN_BLOCK_CAPTURE_AUTORELEASING = YES;
				CLANG_WARN_BOOL_CONVERSION = YES;
				CLANG_WARN_COMMA = YES;
				CLANG_WARN_CONSTANT_CONVERSION = YES;
				CLANG_WARN_DIRECT_OBJC_ISA_USAGE = YES_ERROR;
				CLANG_WARN_DOCUMENTATION_COMMENTS = YES;
				CLANG_WARN_EMPTY_BODY = YES;
				CLANG_WARN_ENUM_CONVERSION = YES;
				CLANG_WARN_INFINITE_RECURSION = YES;
				CLANG_WARN_INT_CONVERSION = YES;
				CLANG_WARN_NON_LITERAL_NULL_CONVERSION = YES;
				CLANG_WARN_OBJC_LITERAL_CONVERSION = YES;
				CLANG_WARN_OBJC_ROOT_CLASS = YES_ERROR;
				CLANG_WARN_RANGE_LOOP_ANALYSIS = YES;
				CLANG_WARN_STRICT_PROTOTYPES = YES;
				CLANG_WARN_SUSPICIOUS_MOVE = YES;
				CLANG_WARN_UNGUARDED_AVAILABILITY = YES_AGGRESSIVE;
				CLANG_WARN_UNREACHABLE_CODE = YES;
				CLANG_WARN__DUPLICATE_METHOD_MATCH = YES;
				CODE_SIGN_IDENTITY = "iPhone Developer";
				COPY_PHASE_STRIP = NO;
				DEBUG_INFORMATION_FORMAT = dwarf;
				ENABLE_STRICT_OBJC_MSGSEND = YES;
				ENABLE_TESTABILITY = YES;
				GCC_C_LANGUAGE_STANDARD = gnu11;
				GCC_DYNAMIC_NO_PIC = NO;
				GCC_NO_COMMON_BLOCKS = YES;
				GCC_OPTIMIZATION_LEVEL = 0;
				GCC_PREPROCESSOR_DEFINITIONS = (
					"DEBUG=1",
					"$(inherited)",
				);
				GCC_WARN_64_TO_32_BIT_CONVERSION = YES;
				GCC_WARN_ABOUT_RETURN_TYPE = YES_ERROR;
				GCC_WARN_UNDECLARED_SELECTOR = YES;
				GCC_WARN_UNINITIALIZED_AUTOS = YES_AGGRESSIVE;
				GCC_WARN_UNUSED_FUNCTION = YES;
				GCC_WARN_UNUSED_VARIABLE = YES;
				IPHONEOS_DEPLOYMENT_TARGET = 11.2;
				MTL_ENABLE_DEBUG_INFO = YES;
				ONLY_ACTIVE_ARCH = YES;
				SDKROOT = iphoneos;
				SWIFT_ACTIVE_COMPILATION_CONDITIONS = DEBUG;
				SWIFT_OPTIMIZATION_LEVEL = "-Onone";
			};
			name = Debug;
		};
		FF88BFC520C97691005E783D /* Release */ = {
			isa = XCBuildConfiguration;
			buildSettings = {
				ALWAYS_SEARCH_USER_PATHS = NO;
				CLANG_ANALYZER_NONNULL = YES;
				CLANG_ANALYZER_NUMBER_OBJECT_CONVERSION = YES_AGGRESSIVE;
				CLANG_CXX_LANGUAGE_STANDARD = "gnu++14";
				CLANG_CXX_LIBRARY = "libc++";
				CLANG_ENABLE_MODULES = YES;
				CLANG_ENABLE_OBJC_ARC = YES;
				CLANG_WARN_BLOCK_CAPTURE_AUTORELEASING = YES;
				CLANG_WARN_BOOL_CONVERSION = YES;
				CLANG_WARN_COMMA = YES;
				CLANG_WARN_CONSTANT_CONVERSION = YES;
				CLANG_WARN_DIRECT_OBJC_ISA_USAGE = YES_ERROR;
				CLANG_WARN_DOCUMENTATION_COMMENTS = YES;
				CLANG_WARN_EMPTY_BODY = YES;
				CLANG_WARN_ENUM_CONVERSION = YES;
				CLANG_WARN_INFINITE_RECURSION = YES;
				CLANG_WARN_INT_CONVERSION = YES;
				CLANG_WARN_NON_LITERAL_NULL_CONVERSION = YES;
				CLANG_WARN_OBJC_LITERAL_CONVERSION = YES;
				CLANG_WARN_OBJC_ROOT_CLASS = YES_ERROR;
				CLANG_WARN_RANGE_LOOP_ANALYSIS = YES;
				CLANG_WARN_STRICT_PROTOTYPES = YES;
				CLANG_WARN_SUSPICIOUS_MOVE = YES;
				CLANG_WARN_UNGUARDED_AVAILABILITY = YES_AGGRESSIVE;
				CLANG_WARN_UNREACHABLE_CODE = YES;
				CLANG_WARN__DUPLICATE_METHOD_MATCH = YES;
				CODE_SIGN_IDENTITY = "iPhone Developer";
				COPY_PHASE_STRIP = NO;
				DEBUG_INFORMATION_FORMAT = "dwarf-with-dsym";
				ENABLE_NS_ASSERTIONS = NO;
				ENABLE_STRICT_OBJC_MSGSEND = YES;
				GCC_C_LANGUAGE_STANDARD = gnu11;
				GCC_NO_COMMON_BLOCKS = YES;
				GCC_WARN_64_TO_32_BIT_CONVERSION = YES;
				GCC_WARN_ABOUT_RETURN_TYPE = YES_ERROR;
				GCC_WARN_UNDECLARED_SELECTOR = YES;
				GCC_WARN_UNINITIALIZED_AUTOS = YES_AGGRESSIVE;
				GCC_WARN_UNUSED_FUNCTION = YES;
				GCC_WARN_UNUSED_VARIABLE = YES;
				IPHONEOS_DEPLOYMENT_TARGET = 11.2;
				MTL_ENABLE_DEBUG_INFO = NO;
				SDKROOT = iphoneos;
				SWIFT_OPTIMIZATION_LEVEL = "-Owholemodule";
				VALIDATE_PRODUCT = YES;
			};
			name = Release;
		};
		FF88BFC720C97691005E783D /* Debug */ = {
			isa = XCBuildConfiguration;
			baseConfigurationReference = DEE8A2232C79E272A22A4B80 /* Pods-wakeithappn.debug.xcconfig */;
			buildSettings = {
				ASSETCATALOG_COMPILER_APPICON_NAME = AppIcon;
				CODE_SIGN_STYLE = Automatic;
				DEVELOPMENT_TEAM = BX6BD95399;
				INFOPLIST_FILE = wakeithappn/Info.plist;
				LD_RUNPATH_SEARCH_PATHS = "$(inherited) @executable_path/Frameworks";
				PRODUCT_BUNDLE_IDENTIFIER = com.salilgokhale.wakeithappn;
				PRODUCT_NAME = "$(TARGET_NAME)";
				SWIFT_VERSION = 4.0;
				TARGETED_DEVICE_FAMILY = "1,2";
			};
			name = Debug;
		};
		FF88BFC820C97691005E783D /* Release */ = {
			isa = XCBuildConfiguration;
			baseConfigurationReference = F66B0EFA6BBA897135883AB6 /* Pods-wakeithappn.release.xcconfig */;
			buildSettings = {
				ASSETCATALOG_COMPILER_APPICON_NAME = AppIcon;
				CODE_SIGN_STYLE = Automatic;
				DEVELOPMENT_TEAM = BX6BD95399;
				INFOPLIST_FILE = wakeithappn/Info.plist;
				LD_RUNPATH_SEARCH_PATHS = "$(inherited) @executable_path/Frameworks";
				PRODUCT_BUNDLE_IDENTIFIER = com.salilgokhale.wakeithappn;
				PRODUCT_NAME = "$(TARGET_NAME)";
				SWIFT_VERSION = 4.0;
				TARGETED_DEVICE_FAMILY = "1,2";
			};
			name = Release;
		};
/* End XCBuildConfiguration section */

/* Begin XCConfigurationList section */
		FF88BFAF20C97691005E783D /* Build configuration list for PBXProject "wakeithappn" */ = {
			isa = XCConfigurationList;
			buildConfigurations = (
				FF88BFC420C97691005E783D /* Debug */,
				FF88BFC520C97691005E783D /* Release */,
			);
			defaultConfigurationIsVisible = 0;
			defaultConfigurationName = Release;
		};
		FF88BFC620C97691005E783D /* Build configuration list for PBXNativeTarget "wakeithappn" */ = {
			isa = XCConfigurationList;
			buildConfigurations = (
				FF88BFC720C97691005E783D /* Debug */,
				FF88BFC820C97691005E783D /* Release */,
			);
			defaultConfigurationIsVisible = 0;
			defaultConfigurationName = Release;
		};
/* End XCConfigurationList section */
	};
	rootObject = FF88BFAC20C97691005E783D /* Project object */;
}
